
Microsoft Visual Studio Solution File, Format Version 12.00
# Visual Studio Version 17
VisualStudioVersion = 17.14.36221.1
MinimumVisualStudioVersion = 10.0.40219.1
Project("{FAE04EC0-301F-11D3-BF4B-00C04F79EFBC}") = "WZHDotNetBatc2.WebApi", "WZHDotNetBatc2.WebApi\WZHDotNetBatc2.WebApi.csproj", "{0825158E-2CDF-4CDA-B704-7B90E6A31411}"
EndProject
Project("{FAE04EC0-301F-11D3-BF4B-00C04F79EFBC}") = "WZHDotNetBatc2.Database", "WZHDotNetBatc2.Database\WZHDotNetBatc2.Database.csproj", "{B407BD4C-E065-4F1E-AE35-065C047B0D1D}"
EndProject
Project("{FAE04EC0-301F-11D3-BF4B-00C04F79EFBC}") = "WZHDotNetBatc2.Service", "WZHDotNetBatc2.WebApi.BL\WZHDotNetBatc2.Service.csproj", "{3CE1E603-B9B9-4135-A14C-6AE86483C386}"
EndProject
Project("{FAE04EC0-301F-11D3-BF4B-00C04F79EFBC}") = "WZHDotNetBatc2.DataAccess", "WZHDotNetBatc2.DataAccess\WZHDotNetBatc2.DataAccess.csproj", "{0CED21AC-583D-4828-8426-CE3ECF491520}"
EndProject
Project("{FAE04EC0-301F-11D3-BF4B-00C04F79EFBC}") = "WZHDotNetBatc2.ClientConsoleApp", "WZHDotNetBatc2.ClientConsoleApp\WZHDotNetBatc2.ClientConsoleApp.csproj", "{0D2DF4CA-19B5-4437-A978-9CFD6B7332CB}"
EndProject
Global
	GlobalSection(SolutionConfigurationPlatforms) = preSolution
		Debug|Any CPU = Debug|Any CPU
		Release|Any CPU = Release|Any CPU
	EndGlobalSection
	GlobalSection(ProjectConfigurationPlatforms) = postSolution
		{0825158E-2CDF-4CDA-B704-7B90E6A31411}.Debug|Any CPU.ActiveCfg = Debug|Any CPU
		{0825158E-2CDF-4CDA-B704-7B90E6A31411}.Debug|Any CPU.Build.0 = Debug|Any CPU
		{0825158E-2CDF-4CDA-B704-7B90E6A31411}.Release|Any CPU.ActiveCfg = Release|Any CPU
		{0825158E-2CDF-4CDA-B704-7B90E6A31411}.Release|Any CPU.Build.0 = Release|Any CPU
		{B407BD4C-E065-4F1E-AE35-065C047B0D1D}.Debug|Any CPU.ActiveCfg = Debug|Any CPU
		{B407BD4C-E065-4F1E-AE35-065C047B0D1D}.Debug|Any CPU.Build.0 = Debug|Any CPU
		{B407BD4C-E065-4F1E-AE35-065C047B0D1D}.Release|Any CPU.ActiveCfg = Release|Any CPU
		{B407BD4C-E065-4F1E-AE35-065C047B0D1D}.Release|Any CPU.Build.0 = Release|Any CPU
		{3CE1E603-B9B9-4135-A14C-6AE86483C386}.Debug|Any CPU.ActiveCfg = Debug|Any CPU
		{3CE1E603-B9B9-4135-A14C-6AE86483C386}.Debug|Any CPU.Build.0 = Debug|Any CPU
		{3CE1E603-B9B9-4135-A14C-6AE86483C386}.Release|Any CPU.ActiveCfg = Release|Any CPU
		{3CE1E603-B9B9-4135-A14C-6AE86483C386}.Release|Any CPU.Build.0 = Release|Any CPU
		{0CED21AC-583D-4828-8426-CE3ECF491520}.Debug|Any CPU.ActiveCfg = Debug|Any CPU
		{0CED21AC-583D-4828-8426-CE3ECF491520}.Debug|Any CPU.Build.0 = Debug|Any CPU
		{0CED21AC-583D-4828-8426-CE3ECF491520}.Release|Any CPU.ActiveCfg = Release|Any CPU
		{0CED21AC-583D-4828-8426-CE3ECF491520}.Release|Any CPU.Build.0 = Release|Any CPU
		{0D2DF4CA-19B5-4437-A978-9CFD6B7332CB}.Debug|Any CPU.ActiveCfg = Debug|Any CPU
		{0D2DF4CA-19B5-4437-A978-9CFD6B7332CB}.Debug|Any CPU.Build.0 = Debug|Any CPU
		{0D2DF4CA-19B5-4437-A978-9CFD6B7332CB}.Release|Any CPU.ActiveCfg = Release|Any CPU
		{0D2DF4CA-19B5-4437-A978-9CFD6B7332CB}.Release|Any CPU.Build.0 = Release|Any CPU
	EndGlobalSection
	GlobalSection(SolutionProperties) = preSolution
		HideSolutionNode = FALSE
	EndGlobalSection
	GlobalSection(ExtensibilityGlobals) = postSolution
		SolutionGuid = {C7FA394A-E1A3-48F8-B404-2EC7E0F2C8C4}
	EndGlobalSection
EndGlobal
